
Microsoft Visual Studio Solution File, Format Version 12.00
# Visual Studio Version 16
Project("{2150E333-8FDC-42A3-9474-1A3956D46DE8}") = "CMakePredefinedTargets", "CMakePredefinedTargets", "{DB253C64-66CB-3B89-8F3F-2597FAD783CE}"
EndProject
Project("{2150E333-8FDC-42A3-9474-1A3956D46DE8}") = "External", "External", "{6F99F834-1105-3DA5-B6F0-4FFF36E0D334}"
EndProject
Project("{2150E333-8FDC-42A3-9474-1A3956D46DE8}") = "Internal", "Internal", "{ECE41124-9C23-3184-9771-55C13EDAF210}"
EndProject
Project("{2150E333-8FDC-42A3-9474-1A3956D46DE8}") = "Utils", "Utils", "{C9254331-EDD2-3C59-A737-8CA38B3487C2}"
EndProject
Project("{8BC9CEB8-8B4A-11D0-8D11-00A0C91BC942}") = "ALL_BUILD", "ALL_BUILD.vcxproj", "{B28E184A-422F-3734-A62C-8EA13E7F6058}"
	ProjectSection(ProjectDependencies) = postProject
		{3A3E8E38-69A1-3C44-BDE1-E5E56A0C7C27} = {3A3E8E38-69A1-3C44-BDE1-E5E56A0C7C27}
		{750C5CD1-DAC5-3EB6-8B8D-4F85FBEA05A3} = {750C5CD1-DAC5-3EB6-8B8D-4F85FBEA05A3}
		{F430533F-5F74-3821-91CE-DB2544617D5F} = {F430533F-5F74-3821-91CE-DB2544617D5F}
		{CC1C68B4-E24D-3272-894B-F6BBE4DE639F} = {CC1C68B4-E24D-3272-894B-F6BBE4DE639F}
		{5FAF5F01-8A28-31F8-B845-F721A737C2DD} = {5FAF5F01-8A28-31F8-B845-F721A737C2DD}
		{797B50E9-80BB-378E-9560-CE6E720EE3AF} = {797B50E9-80BB-378E-9560-CE6E720EE3AF}
		{D370C768-88E4-3B08-831A-3F3D7380952D} = {D370C768-88E4-3B08-831A-3F3D7380952D}
		{EE172D81-7814-33E7-91AA-253B46D52834} = {EE172D81-7814-33E7-91AA-253B46D52834}
		{C9ADEEAA-DC81-3E43-98C3-9C698EB18F19} = {C9ADEEAA-DC81-3E43-98C3-9C698EB18F19}
		{37AAA19E-4620-32CF-B052-6AD6D4A401A4} = {37AAA19E-4620-32CF-B052-6AD6D4A401A4}
		{7445C2EC-6462-36F8-AAAB-5EEED1AD3990} = {7445C2EC-6462-36F8-AAAB-5EEED1AD3990}
		{7D93B241-6088-398F-8436-1EED32D42385} = {7D93B241-6088-398F-8436-1EED32D42385}
		{FF06585B-24EA-34C8-AD1C-78DBB9D46673} = {FF06585B-24EA-34C8-AD1C-78DBB9D46673}
		{763F2B0E-26A5-38EB-A857-0A395A1F042F} = {763F2B0E-26A5-38EB-A857-0A395A1F042F}
		{11E8E0B3-699B-3A46-9BF2-D67267165177} = {11E8E0B3-699B-3A46-9BF2-D67267165177}
	EndProjectSection
EndProject
Project("{8BC9CEB8-8B4A-11D0-8D11-00A0C91BC942}") = "SYNC_RESOURCE-WheelSpinner", "SYNC_RESOURCE-WheelSpinner.vcxproj", "{3A3E8E38-69A1-3C44-BDE1-E5E56A0C7C27}"
	ProjectSection(ProjectDependencies) = postProject
		{F430533F-5F74-3821-91CE-DB2544617D5F} = {F430533F-5F74-3821-91CE-DB2544617D5F}
	EndProjectSection
EndProject
Project("{8BC9CEB8-8B4A-11D0-8D11-00A0C91BC942}") = "WheelSpinner", "WheelSpinner.vcxproj", "{750C5CD1-DAC5-3EB6-8B8D-4F85FBEA05A3}"
	ProjectSection(ProjectDependencies) = postProject
		{3A3E8E38-69A1-3C44-BDE1-E5E56A0C7C27} = {3A3E8E38-69A1-3C44-BDE1-E5E56A0C7C27}
		{F430533F-5F74-3821-91CE-DB2544617D5F} = {F430533F-5F74-3821-91CE-DB2544617D5F}
		{CC1C68B4-E24D-3272-894B-F6BBE4DE639F} = {CC1C68B4-E24D-3272-894B-F6BBE4DE639F}
		{5FAF5F01-8A28-31F8-B845-F721A737C2DD} = {5FAF5F01-8A28-31F8-B845-F721A737C2DD}
		{797B50E9-80BB-378E-9560-CE6E720EE3AF} = {797B50E9-80BB-378E-9560-CE6E720EE3AF}
		{D370C768-88E4-3B08-831A-3F3D7380952D} = {D370C768-88E4-3B08-831A-3F3D7380952D}
		{EE172D81-7814-33E7-91AA-253B46D52834} = {EE172D81-7814-33E7-91AA-253B46D52834}
		{C9ADEEAA-DC81-3E43-98C3-9C698EB18F19} = {C9ADEEAA-DC81-3E43-98C3-9C698EB18F19}
		{37AAA19E-4620-32CF-B052-6AD6D4A401A4} = {37AAA19E-4620-32CF-B052-6AD6D4A401A4}
		{7445C2EC-6462-36F8-AAAB-5EEED1AD3990} = {7445C2EC-6462-36F8-AAAB-5EEED1AD3990}
		{7D93B241-6088-398F-8436-1EED32D42385} = {7D93B241-6088-398F-8436-1EED32D42385}
		{FF06585B-24EA-34C8-AD1C-78DBB9D46673} = {FF06585B-24EA-34C8-AD1C-78DBB9D46673}
		{763F2B0E-26A5-38EB-A857-0A395A1F042F} = {763F2B0E-26A5-38EB-A857-0A395A1F042F}
		{11E8E0B3-699B-3A46-9BF2-D67267165177} = {11E8E0B3-699B-3A46-9BF2-D67267165177}
	EndProjectSection
EndProject
Project("{8BC9CEB8-8B4A-11D0-8D11-00A0C91BC942}") = "ZERO_CHECK", "ZERO_CHECK.vcxproj", "{F430533F-5F74-3821-91CE-DB2544617D5F}"
	ProjectSection(ProjectDependencies) = postProject
	EndProjectSection
EndProject
Project("{8BC9CEB8-8B4A-11D0-8D11-00A0C91BC942}") = "cocos2d", "engine\cocos\core\cocos2d.vcxproj", "{CC1C68B4-E24D-3272-894B-F6BBE4DE639F}"
	ProjectSection(ProjectDependencies) = postProject
		{F430533F-5F74-3821-91CE-DB2544617D5F} = {F430533F-5F74-3821-91CE-DB2544617D5F}
		{5FAF5F01-8A28-31F8-B845-F721A737C2DD} = {5FAF5F01-8A28-31F8-B845-F721A737C2DD}
		{797B50E9-80BB-378E-9560-CE6E720EE3AF} = {797B50E9-80BB-378E-9560-CE6E720EE3AF}
		{D370C768-88E4-3B08-831A-3F3D7380952D} = {D370C768-88E4-3B08-831A-3F3D7380952D}
		{EE172D81-7814-33E7-91AA-253B46D52834} = {EE172D81-7814-33E7-91AA-253B46D52834}
		{C9ADEEAA-DC81-3E43-98C3-9C698EB18F19} = {C9ADEEAA-DC81-3E43-98C3-9C698EB18F19}
		{37AAA19E-4620-32CF-B052-6AD6D4A401A4} = {37AAA19E-4620-32CF-B052-6AD6D4A401A4}
		{7445C2EC-6462-36F8-AAAB-5EEED1AD3990} = {7445C2EC-6462-36F8-AAAB-5EEED1AD3990}
		{7D93B241-6088-398F-8436-1EED32D42385} = {7D93B241-6088-398F-8436-1EED32D42385}
		{FF06585B-24EA-34C8-AD1C-78DBB9D46673} = {FF06585B-24EA-34C8-AD1C-78DBB9D46673}
		{763F2B0E-26A5-38EB-A857-0A395A1F042F} = {763F2B0E-26A5-38EB-A857-0A395A1F042F}
		{11E8E0B3-699B-3A46-9BF2-D67267165177} = {11E8E0B3-699B-3A46-9BF2-D67267165177}
	EndProjectSection
EndProject
Project("{8BC9CEB8-8B4A-11D0-8D11-00A0C91BC942}") = "ext_clipper", "engine\external\clipper\ext_clipper.vcxproj", "{5FAF5F01-8A28-31F8-B845-F721A737C2DD}"
	ProjectSection(ProjectDependencies) = postProject
		{F430533F-5F74-3821-91CE-DB2544617D5F} = {F430533F-5F74-3821-91CE-DB2544617D5F}
	EndProjectSection
EndProject
Project("{8BC9CEB8-8B4A-11D0-8D11-00A0C91BC942}") = "ext_convertUTF", "engine\external\ConvertUTF\ext_convertUTF.vcxproj", "{797B50E9-80BB-378E-9560-CE6E720EE3AF}"
	ProjectSection(ProjectDependencies) = postProject
		{F430533F-5F74-3821-91CE-DB2544617D5F} = {F430533F-5F74-3821-91CE-DB2544617D5F}
	EndProjectSection
EndProject
Project("{8BC9CEB8-8B4A-11D0-8D11-00A0C91BC942}") = "ext_edtaa3func", "engine\external\edtaa3func\ext_edtaa3func.vcxproj", "{D370C768-88E4-3B08-831A-3F3D7380952D}"
	ProjectSection(ProjectDependencies) = postProject
		{F430533F-5F74-3821-91CE-DB2544617D5F} = {F430533F-5F74-3821-91CE-DB2544617D5F}
	EndProjectSection
EndProject
Project("{8BC9CEB8-8B4A-11D0-8D11-00A0C91BC942}") = "ext_md5", "engine\external\md5\ext_md5.vcxproj", "{EE172D81-7814-33E7-91AA-253B46D52834}"
	ProjectSection(ProjectDependencies) = postProject
		{F430533F-5F74-3821-91CE-DB2544617D5F} = {F430533F-5F74-3821-91CE-DB2544617D5F}
	EndProjectSection
EndProject
Project("{8BC9CEB8-8B4A-11D0-8D11-00A0C91BC942}") = "ext_poly2tri", "engine\external\poly2tri\ext_poly2tri.vcxproj", "{C9ADEEAA-DC81-3E43-98C3-9C698EB18F19}"
	ProjectSection(ProjectDependencies) = postProject
		{F430533F-5F74-3821-91CE-DB2544617D5F} = {F430533F-5F74-3821-91CE-DB2544617D5F}
	EndProjectSection
EndProject
Project("{8BC9CEB8-8B4A-11D0-8D11-00A0C91BC942}") = "ext_recast", "engine\external\recast\ext_recast.vcxproj", "{37AAA19E-4620-32CF-B052-6AD6D4A401A4}"
	ProjectSection(ProjectDependencies) = postProject
		{F430533F-5F74-3821-91CE-DB2544617D5F} = {F430533F-5F74-3821-91CE-DB2544617D5F}
	EndProjectSection
EndProject
Project("{8BC9CEB8-8B4A-11D0-8D11-00A0C91BC942}") = "ext_tinyxml2", "engine\external\tinyxml2\ext_tinyxml2.vcxproj", "{7445C2EC-6462-36F8-AAAB-5EEED1AD3990}"
	ProjectSection(ProjectDependencies) = postProject
		{F430533F-5F74-3821-91CE-DB2544617D5F} = {F430533F-5F74-3821-91CE-DB2544617D5F}
	EndProjectSection
EndProject
Project("{8BC9CEB8-8B4A-11D0-8D11-00A0C91BC942}") = "ext_unzip", "engine\external\unzip\ext_unzip.vcxproj", "{7D93B241-6088-398F-8436-1EED32D42385}"
	ProjectSection(ProjectDependencies) = postProject
		{F430533F-5F74-3821-91CE-DB2544617D5F} = {F430533F-5F74-3821-91CE-DB2544617D5F}
	EndProjectSection
EndProject
Project("{8BC9CEB8-8B4A-11D0-8D11-00A0C91BC942}") = "ext_xxhash", "engine\external\xxhash\ext_xxhash.vcxproj", "{FF06585B-24EA-34C8-AD1C-78DBB9D46673}"
	ProjectSection(ProjectDependencies) = postProject
		{F430533F-5F74-3821-91CE-DB2544617D5F} = {F430533F-5F74-3821-91CE-DB2544617D5F}
	EndProjectSection
EndProject
Project("{8BC9CEB8-8B4A-11D0-8D11-00A0C91BC942}") = "ext_xxtea", "engine\external\xxtea\ext_xxtea.vcxproj", "{763F2B0E-26A5-38EB-A857-0A395A1F042F}"
	ProjectSection(ProjectDependencies) = postProject
		{F430533F-5F74-3821-91CE-DB2544617D5F} = {F430533F-5F74-3821-91CE-DB2544617D5F}
	EndProjectSection
EndProject
Project("{8BC9CEB8-8B4A-11D0-8D11-00A0C91BC942}") = "external", "engine\external\external.vcxproj", "{11E8E0B3-699B-3A46-9BF2-D67267165177}"
	ProjectSection(ProjectDependencies) = postProject
		{F430533F-5F74-3821-91CE-DB2544617D5F} = {F430533F-5F74-3821-91CE-DB2544617D5F}
		{5FAF5F01-8A28-31F8-B845-F721A737C2DD} = {5FAF5F01-8A28-31F8-B845-F721A737C2DD}
		{797B50E9-80BB-378E-9560-CE6E720EE3AF} = {797B50E9-80BB-378E-9560-CE6E720EE3AF}
		{D370C768-88E4-3B08-831A-3F3D7380952D} = {D370C768-88E4-3B08-831A-3F3D7380952D}
		{EE172D81-7814-33E7-91AA-253B46D52834} = {EE172D81-7814-33E7-91AA-253B46D52834}
		{C9ADEEAA-DC81-3E43-98C3-9C698EB18F19} = {C9ADEEAA-DC81-3E43-98C3-9C698EB18F19}
		{37AAA19E-4620-32CF-B052-6AD6D4A401A4} = {37AAA19E-4620-32CF-B052-6AD6D4A401A4}
		{7445C2EC-6462-36F8-AAAB-5EEED1AD3990} = {7445C2EC-6462-36F8-AAAB-5EEED1AD3990}
		{7D93B241-6088-398F-8436-1EED32D42385} = {7D93B241-6088-398F-8436-1EED32D42385}
		{FF06585B-24EA-34C8-AD1C-78DBB9D46673} = {FF06585B-24EA-34C8-AD1C-78DBB9D46673}
		{763F2B0E-26A5-38EB-A857-0A395A1F042F} = {763F2B0E-26A5-38EB-A857-0A395A1F042F}
	EndProjectSection
EndProject
Global
	GlobalSection(SolutionConfigurationPlatforms) = preSolution
		Debug|win32 = Debug|win32
		Release|win32 = Release|win32
		MinSizeRel|win32 = MinSizeRel|win32
		RelWithDebInfo|win32 = RelWithDebInfo|win32
	EndGlobalSection
	GlobalSection(ProjectConfigurationPlatforms) = postSolution
		{B28E184A-422F-3734-A62C-8EA13E7F6058}.Debug|win32.ActiveCfg = Debug|win32
		{B28E184A-422F-3734-A62C-8EA13E7F6058}.Release|win32.ActiveCfg = Release|win32
		{B28E184A-422F-3734-A62C-8EA13E7F6058}.MinSizeRel|win32.ActiveCfg = MinSizeRel|win32
		{B28E184A-422F-3734-A62C-8EA13E7F6058}.RelWithDebInfo|win32.ActiveCfg = RelWithDebInfo|win32
		{3A3E8E38-69A1-3C44-BDE1-E5E56A0C7C27}.Debug|win32.ActiveCfg = Debug|win32
		{3A3E8E38-69A1-3C44-BDE1-E5E56A0C7C27}.Debug|win32.Build.0 = Debug|win32
		{3A3E8E38-69A1-3C44-BDE1-E5E56A0C7C27}.Release|win32.ActiveCfg = Release|win32
		{3A3E8E38-69A1-3C44-BDE1-E5E56A0C7C27}.Release|win32.Build.0 = Release|win32
		{3A3E8E38-69A1-3C44-BDE1-E5E56A0C7C27}.MinSizeRel|win32.ActiveCfg = MinSizeRel|win32
		{3A3E8E38-69A1-3C44-BDE1-E5E56A0C7C27}.MinSizeRel|win32.Build.0 = MinSizeRel|win32
		{3A3E8E38-69A1-3C44-BDE1-E5E56A0C7C27}.RelWithDebInfo|win32.ActiveCfg = RelWithDebInfo|win32
		{3A3E8E38-69A1-3C44-BDE1-E5E56A0C7C27}.RelWithDebInfo|win32.Build.0 = RelWithDebInfo|win32
		{750C5CD1-DAC5-3EB6-8B8D-4F85FBEA05A3}.Debug|win32.ActiveCfg = Debug|win32
		{750C5CD1-DAC5-3EB6-8B8D-4F85FBEA05A3}.Debug|win32.Build.0 = Debug|win32
		{750C5CD1-DAC5-3EB6-8B8D-4F85FBEA05A3}.Release|win32.ActiveCfg = Release|win32
		{750C5CD1-DAC5-3EB6-8B8D-4F85FBEA05A3}.Release|win32.Build.0 = Release|win32
		{750C5CD1-DAC5-3EB6-8B8D-4F85FBEA05A3}.MinSizeRel|win32.ActiveCfg = MinSizeRel|win32
		{750C5CD1-DAC5-3EB6-8B8D-4F85FBEA05A3}.MinSizeRel|win32.Build.0 = MinSizeRel|win32
		{750C5CD1-DAC5-3EB6-8B8D-4F85FBEA05A3}.RelWithDebInfo|win32.ActiveCfg = RelWithDebInfo|win32
		{750C5CD1-DAC5-3EB6-8B8D-4F85FBEA05A3}.RelWithDebInfo|win32.Build.0 = RelWithDebInfo|win32
		{F430533F-5F74-3821-91CE-DB2544617D5F}.Debug|win32.ActiveCfg = Debug|win32
		{F430533F-5F74-3821-91CE-DB2544617D5F}.Debug|win32.Build.0 = Debug|win32
		{F430533F-5F74-3821-91CE-DB2544617D5F}.Release|win32.ActiveCfg = Release|win32
		{F430533F-5F74-3821-91CE-DB2544617D5F}.Release|win32.Build.0 = Release|win32
		{F430533F-5F74-3821-91CE-DB2544617D5F}.MinSizeRel|win32.ActiveCfg = MinSizeRel|win32
		{F430533F-5F74-3821-91CE-DB2544617D5F}.MinSizeRel|win32.Build.0 = MinSizeRel|win32
		{F430533F-5F74-3821-91CE-DB2544617D5F}.RelWithDebInfo|win32.ActiveCfg = RelWithDebInfo|win32
		{F430533F-5F74-3821-91CE-DB2544617D5F}.RelWithDebInfo|win32.Build.0 = RelWithDebInfo|win32
		{CC1C68B4-E24D-3272-894B-F6BBE4DE639F}.Debug|win32.ActiveCfg = Debug|win32
		{CC1C68B4-E24D-3272-894B-F6BBE4DE639F}.Debug|win32.Build.0 = Debug|win32
		{CC1C68B4-E24D-3272-894B-F6BBE4DE639F}.Release|win32.ActiveCfg = Release|win32
		{CC1C68B4-E24D-3272-894B-F6BBE4DE639F}.Release|win32.Build.0 = Release|win32
		{CC1C68B4-E24D-3272-894B-F6BBE4DE639F}.MinSizeRel|win32.ActiveCfg = MinSizeRel|win32
		{CC1C68B4-E24D-3272-894B-F6BBE4DE639F}.MinSizeRel|win32.Build.0 = MinSizeRel|win32
		{CC1C68B4-E24D-3272-894B-F6BBE4DE639F}.RelWithDebInfo|win32.ActiveCfg = RelWithDebInfo|win32
		{CC1C68B4-E24D-3272-894B-F6BBE4DE639F}.RelWithDebInfo|win32.Build.0 = RelWithDebInfo|win32
		{5FAF5F01-8A28-31F8-B845-F721A737C2DD}.Debug|win32.ActiveCfg = Debug|win32
		{5FAF5F01-8A28-31F8-B845-F721A737C2DD}.Debug|win32.Build.0 = Debug|win32
		{5FAF5F01-8A28-31F8-B845-F721A737C2DD}.Release|win32.ActiveCfg = Release|win32
		{5FAF5F01-8A28-31F8-B845-F721A737C2DD}.Release|win32.Build.0 = Release|win32
		{5FAF5F01-8A28-31F8-B845-F721A737C2DD}.MinSizeRel|win32.ActiveCfg = MinSizeRel|win32
		{5FAF5F01-8A28-31F8-B845-F721A737C2DD}.MinSizeRel|win32.Build.0 = MinSizeRel|win32
		{5FAF5F01-8A28-31F8-B845-F721A737C2DD}.RelWithDebInfo|win32.ActiveCfg = RelWithDebInfo|win32
		{5FAF5F01-8A28-31F8-B845-F721A737C2DD}.RelWithDebInfo|win32.Build.0 = RelWithDebInfo|win32
		{797B50E9-80BB-378E-9560-CE6E720EE3AF}.Debug|win32.ActiveCfg = Debug|win32
		{797B50E9-80BB-378E-9560-CE6E720EE3AF}.Debug|win32.Build.0 = Debug|win32
		{797B50E9-80BB-378E-9560-CE6E720EE3AF}.Release|win32.ActiveCfg = Release|win32
		{797B50E9-80BB-378E-9560-CE6E720EE3AF}.Release|win32.Build.0 = Release|win32
		{797B50E9-80BB-378E-9560-CE6E720EE3AF}.MinSizeRel|win32.ActiveCfg = MinSizeRel|win32
		{797B50E9-80BB-378E-9560-CE6E720EE3AF}.MinSizeRel|win32.Build.0 = MinSizeRel|win32
		{797B50E9-80BB-378E-9560-CE6E720EE3AF}.RelWithDebInfo|win32.ActiveCfg = RelWithDebInfo|win32
		{797B50E9-80BB-378E-9560-CE6E720EE3AF}.RelWithDebInfo|win32.Build.0 = RelWithDebInfo|win32
		{D370C768-88E4-3B08-831A-3F3D7380952D}.Debug|win32.ActiveCfg = Debug|win32
		{D370C768-88E4-3B08-831A-3F3D7380952D}.Debug|win32.Build.0 = Debug|win32
		{D370C768-88E4-3B08-831A-3F3D7380952D}.Release|win32.ActiveCfg = Release|win32
		{D370C768-88E4-3B08-831A-3F3D7380952D}.Release|win32.Build.0 = Release|win32
		{D370C768-88E4-3B08-831A-3F3D7380952D}.MinSizeRel|win32.ActiveCfg = MinSizeRel|win32
		{D370C768-88E4-3B08-831A-3F3D7380952D}.MinSizeRel|win32.Build.0 = MinSizeRel|win32
		{D370C768-88E4-3B08-831A-3F3D7380952D}.RelWithDebInfo|win32.ActiveCfg = RelWithDebInfo|win32
		{D370C768-88E4-3B08-831A-3F3D7380952D}.RelWithDebInfo|win32.Build.0 = RelWithDebInfo|win32
		{EE172D81-7814-33E7-91AA-253B46D52834}.Debug|win32.ActiveCfg = Debug|win32
		{EE172D81-7814-33E7-91AA-253B46D52834}.Debug|win32.Build.0 = Debug|win32
		{EE172D81-7814-33E7-91AA-253B46D52834}.Release|win32.ActiveCfg = Release|win32
		{EE172D81-7814-33E7-91AA-253B46D52834}.Release|win32.Build.0 = Release|win32
		{EE172D81-7814-33E7-91AA-253B46D52834}.MinSizeRel|win32.ActiveCfg = MinSizeRel|win32
		{EE172D81-7814-33E7-91AA-253B46D52834}.MinSizeRel|win32.Build.0 = MinSizeRel|win32
		{EE172D81-7814-33E7-91AA-253B46D52834}.RelWithDebInfo|win32.ActiveCfg = RelWithDebInfo|win32
		{EE172D81-7814-33E7-91AA-253B46D52834}.RelWithDebInfo|win32.Build.0 = RelWithDebInfo|win32
		{C9ADEEAA-DC81-3E43-98C3-9C698EB18F19}.Debug|win32.ActiveCfg = Debug|win32
		{C9ADEEAA-DC81-3E43-98C3-9C698EB18F19}.Debug|win32.Build.0 = Debug|win32
		{C9ADEEAA-DC81-3E43-98C3-9C698EB18F19}.Release|win32.ActiveCfg = Release|win32
		{C9ADEEAA-DC81-3E43-98C3-9C698EB18F19}.Release|win32.Build.0 = Release|win32
		{C9ADEEAA-DC81-3E43-98C3-9C698EB18F19}.MinSizeRel|win32.ActiveCfg = MinSizeRel|win32
		{C9ADEEAA-DC81-3E43-98C3-9C698EB18F19}.MinSizeRel|win32.Build.0 = MinSizeRel|win32
		{C9ADEEAA-DC81-3E43-98C3-9C698EB18F19}.RelWithDebInfo|win32.ActiveCfg = RelWithDebInfo|win32
		{C9ADEEAA-DC81-3E43-98C3-9C698EB18F19}.RelWithDebInfo|win32.Build.0 = RelWithDebInfo|win32
		{37AAA19E-4620-32CF-B052-6AD6D4A401A4}.Debug|win32.ActiveCfg = Debug|win32
		{37AAA19E-4620-32CF-B052-6AD6D4A401A4}.Debug|win32.Build.0 = Debug|win32
		{37AAA19E-4620-32CF-B052-6AD6D4A401A4}.Release|win32.ActiveCfg = Release|win32
		{37AAA19E-4620-32CF-B052-6AD6D4A401A4}.Release|win32.Build.0 = Release|win32
		{37AAA19E-4620-32CF-B052-6AD6D4A401A4}.MinSizeRel|win32.ActiveCfg = MinSizeRel|win32
		{37AAA19E-4620-32CF-B052-6AD6D4A401A4}.MinSizeRel|win32.Build.0 = MinSizeRel|win32
		{37AAA19E-4620-32CF-B052-6AD6D4A401A4}.RelWithDebInfo|win32.ActiveCfg = RelWithDebInfo|win32
		{37AAA19E-4620-32CF-B052-6AD6D4A401A4}.RelWithDebInfo|win32.Build.0 = RelWithDebInfo|win32
		{7445C2EC-6462-36F8-AAAB-5EEED1AD3990}.Debug|win32.ActiveCfg = Debug|win32
		{7445C2EC-6462-36F8-AAAB-5EEED1AD3990}.Debug|win32.Build.0 = Debug|win32
		{7445C2EC-6462-36F8-AAAB-5EEED1AD3990}.Release|win32.ActiveCfg = Release|win32
		{7445C2EC-6462-36F8-AAAB-5EEED1AD3990}.Release|win32.Build.0 = Release|win32
		{7445C2EC-6462-36F8-AAAB-5EEED1AD3990}.MinSizeRel|win32.ActiveCfg = MinSizeRel|win32
		{7445C2EC-6462-36F8-AAAB-5EEED1AD3990}.MinSizeRel|win32.Build.0 = MinSizeRel|win32
		{7445C2EC-6462-36F8-AAAB-5EEED1AD3990}.RelWithDebInfo|win32.ActiveCfg = RelWithDebInfo|win32
		{7445C2EC-6462-36F8-AAAB-5EEED1AD3990}.RelWithDebInfo|win32.Build.0 = RelWithDebInfo|win32
		{7D93B241-6088-398F-8436-1EED32D42385}.Debug|win32.ActiveCfg = Debug|win32
		{7D93B241-6088-398F-8436-1EED32D42385}.Debug|win32.Build.0 = Debug|win32
		{7D93B241-6088-398F-8436-1EED32D42385}.Release|win32.ActiveCfg = Release|win32
		{7D93B241-6088-398F-8436-1EED32D42385}.Release|win32.Build.0 = Release|win32
		{7D93B241-6088-398F-8436-1EED32D42385}.MinSizeRel|win32.ActiveCfg = MinSizeRel|win32
		{7D93B241-6088-398F-8436-1EED32D42385}.MinSizeRel|win32.Build.0 = MinSizeRel|win32
		{7D93B241-6088-398F-8436-1EED32D42385}.RelWithDebInfo|win32.ActiveCfg = RelWithDebInfo|win32
		{7D93B241-6088-398F-8436-1EED32D42385}.RelWithDebInfo|win32.Build.0 = RelWithDebInfo|win32
		{FF06585B-24EA-34C8-AD1C-78DBB9D46673}.Debug|win32.ActiveCfg = Debug|win32
		{FF06585B-24EA-34C8-AD1C-78DBB9D46673}.Debug|win32.Build.0 = Debug|win32
		{FF06585B-24EA-34C8-AD1C-78DBB9D46673}.Release|win32.ActiveCfg = Release|win32
		{FF06585B-24EA-34C8-AD1C-78DBB9D46673}.Release|win32.Build.0 = Release|win32
		{FF06585B-24EA-34C8-AD1C-78DBB9D46673}.MinSizeRel|win32.ActiveCfg = MinSizeRel|win32
		{FF06585B-24EA-34C8-AD1C-78DBB9D46673}.MinSizeRel|win32.Build.0 = MinSizeRel|win32
		{FF06585B-24EA-34C8-AD1C-78DBB9D46673}.RelWithDebInfo|win32.ActiveCfg = RelWithDebInfo|win32
		{FF06585B-24EA-34C8-AD1C-78DBB9D46673}.RelWithDebInfo|win32.Build.0 = RelWithDebInfo|win32
		{763F2B0E-26A5-38EB-A857-0A395A1F042F}.Debug|win32.ActiveCfg = Debug|win32
		{763F2B0E-26A5-38EB-A857-0A395A1F042F}.Debug|win32.Build.0 = Debug|win32
		{763F2B0E-26A5-38EB-A857-0A395A1F042F}.Release|win32.ActiveCfg = Release|win32
		{763F2B0E-26A5-38EB-A857-0A395A1F042F}.Release|win32.Build.0 = Release|win32
		{763F2B0E-26A5-38EB-A857-0A395A1F042F}.MinSizeRel|win32.ActiveCfg = MinSizeRel|win32
		{763F2B0E-26A5-38EB-A857-0A395A1F042F}.MinSizeRel|win32.Build.0 = MinSizeRel|win32
		{763F2B0E-26A5-38EB-A857-0A395A1F042F}.RelWithDebInfo|win32.ActiveCfg = RelWithDebInfo|win32
		{763F2B0E-26A5-38EB-A857-0A395A1F042F}.RelWithDebInfo|win32.Build.0 = RelWithDebInfo|win32
		{11E8E0B3-699B-3A46-9BF2-D67267165177}.Debug|win32.ActiveCfg = Debug|win32
		{11E8E0B3-699B-3A46-9BF2-D67267165177}.Debug|win32.Build.0 = Debug|win32
		{11E8E0B3-699B-3A46-9BF2-D67267165177}.Release|win32.ActiveCfg = Release|win32
		{11E8E0B3-699B-3A46-9BF2-D67267165177}.Release|win32.Build.0 = Release|win32
		{11E8E0B3-699B-3A46-9BF2-D67267165177}.MinSizeRel|win32.ActiveCfg = MinSizeRel|win32
		{11E8E0B3-699B-3A46-9BF2-D67267165177}.MinSizeRel|win32.Build.0 = MinSizeRel|win32
		{11E8E0B3-699B-3A46-9BF2-D67267165177}.RelWithDebInfo|win32.ActiveCfg = RelWithDebInfo|win32
		{11E8E0B3-699B-3A46-9BF2-D67267165177}.RelWithDebInfo|win32.Build.0 = RelWithDebInfo|win32
	EndGlobalSection
	GlobalSection(NestedProjects) = preSolution
		{B28E184A-422F-3734-A62C-8EA13E7F6058} = {DB253C64-66CB-3B89-8F3F-2597FAD783CE}
		{F430533F-5F74-3821-91CE-DB2544617D5F} = {DB253C64-66CB-3B89-8F3F-2597FAD783CE}
		{5FAF5F01-8A28-31F8-B845-F721A737C2DD} = {6F99F834-1105-3DA5-B6F0-4FFF36E0D334}
		{797B50E9-80BB-378E-9560-CE6E720EE3AF} = {6F99F834-1105-3DA5-B6F0-4FFF36E0D334}
		{D370C768-88E4-3B08-831A-3F3D7380952D} = {6F99F834-1105-3DA5-B6F0-4FFF36E0D334}
		{EE172D81-7814-33E7-91AA-253B46D52834} = {6F99F834-1105-3DA5-B6F0-4FFF36E0D334}
		{C9ADEEAA-DC81-3E43-98C3-9C698EB18F19} = {6F99F834-1105-3DA5-B6F0-4FFF36E0D334}
		{37AAA19E-4620-32CF-B052-6AD6D4A401A4} = {6F99F834-1105-3DA5-B6F0-4FFF36E0D334}
		{7445C2EC-6462-36F8-AAAB-5EEED1AD3990} = {6F99F834-1105-3DA5-B6F0-4FFF36E0D334}
		{7D93B241-6088-398F-8436-1EED32D42385} = {6F99F834-1105-3DA5-B6F0-4FFF36E0D334}
		{FF06585B-24EA-34C8-AD1C-78DBB9D46673} = {6F99F834-1105-3DA5-B6F0-4FFF36E0D334}
		{763F2B0E-26A5-38EB-A857-0A395A1F042F} = {6F99F834-1105-3DA5-B6F0-4FFF36E0D334}
		{11E8E0B3-699B-3A46-9BF2-D67267165177} = {6F99F834-1105-3DA5-B6F0-4FFF36E0D334}
		{CC1C68B4-E24D-3272-894B-F6BBE4DE639F} = {ECE41124-9C23-3184-9771-55C13EDAF210}
		{3A3E8E38-69A1-3C44-BDE1-E5E56A0C7C27} = {C9254331-EDD2-3C59-A737-8CA38B3487C2}
	EndGlobalSection
	GlobalSection(ExtensibilityGlobals) = postSolution
		SolutionGuid = {D789EB09-EACA-39FE-A111-6B34F22C7C5E}
	EndGlobalSection
	GlobalSection(ExtensibilityAddIns) = postSolution
	EndGlobalSection
EndGlobal
